
Microsoft Visual Studio Solution File, Format Version 12.00
# Visual Studio Version 16
VisualStudioVersion = 16.0.31019.35
MinimumVisualStudioVersion = 10.0.40219.1
Project("{FAE04EC0-301F-11D3-BF4B-00C04F79EFBC}") = "codeFirst", "codeFirst\codeFirst.csproj", "{A00B58E8-40E9-43D8-B547-6C50D64DA6C3}"
EndProject
Global
	GlobalSection(SolutionConfigurationPlatforms) = preSolution
		Debug|Any CPU = Debug|Any CPU
		Release|Any CPU = Release|Any CPU
	EndGlobalSection
	GlobalSection(ProjectConfigurationPlatforms) = postSolution
		{A00B58E8-40E9-43D8-B547-6C50D64DA6C3}.Debug|Any CPU.ActiveCfg = Debug|Any CPU
		{A00B58E8-40E9-43D8-B547-6C50D64DA6C3}.Debug|Any CPU.Build.0 = Debug|Any CPU
		{A00B58E8-40E9-43D8-B547-6C50D64DA6C3}.Release|Any CPU.ActiveCfg = Release|Any CPU
		{A00B58E8-40E9-43D8-B547-6C50D64DA6C3}.Release|Any CPU.Build.0 = Release|Any CPU
	EndGlobalSection
	GlobalSection(SolutionProperties) = preSolution
		HideSolutionNode = FALSE
	EndGlobalSection
	GlobalSection(ExtensibilityGlobals) = postSolution
		SolutionGuid = {41417C2B-641F-48EF-AEE7-45CCDFF1BD8E}
	EndGlobalSection
EndGlobal
